
Microsoft Visual Studio Solution File, Format Version 12.00
# Visual Studio Version 17
VisualStudioVersion = 17.8.34525.116
MinimumVisualStudioVersion = 10.0.40219.1
Project("{FAE04EC0-301F-11D3-BF4B-00C04F79EFBC}") = "Lab11", "Lab11\Lab11.csproj", "{716DE221-02EC-4DC0-8F43-6F8C18ECCD4B}"
EndProject
Global
	GlobalSection(SolutionConfigurationPlatforms) = preSolution
		Debug|Any CPU = Debug|Any CPU
		Release|Any CPU = Release|Any CPU
	EndGlobalSection
	GlobalSection(ProjectConfigurationPlatforms) = postSolution
		{716DE221-02EC-4DC0-8F43-6F8C18ECCD4B}.Debug|Any CPU.ActiveCfg = Debug|Any CPU
		{716DE221-02EC-4DC0-8F43-6F8C18ECCD4B}.Debug|Any CPU.Build.0 = Debug|Any CPU
		{716DE221-02EC-4DC0-8F43-6F8C18ECCD4B}.Release|Any CPU.ActiveCfg = Release|Any CPU
		{716DE221-02EC-4DC0-8F43-6F8C18ECCD4B}.Release|Any CPU.Build.0 = Release|Any CPU
	EndGlobalSection
	GlobalSection(SolutionProperties) = preSolution
		HideSolutionNode = FALSE
	EndGlobalSection
	GlobalSection(ExtensibilityGlobals) = postSolution
		SolutionGuid = {EADD2D62-AA82-4BBA-B427-0537F209AD8F}
	EndGlobalSection
EndGlobal
