
Microsoft Visual Studio Solution File, Format Version 12.00
# Visual Studio Version 17
VisualStudioVersion = 17.8.34525.116
MinimumVisualStudioVersion = 10.0.40219.1
Project("{FAE04EC0-301F-11D3-BF4B-00C04F79EFBC}") = "Lab05", "Lab05\Lab05.csproj", "{D9B3AB9E-50D9-41F0-A31F-A4732AC82EF9}"
EndProject
Global
	GlobalSection(SolutionConfigurationPlatforms) = preSolution
		Debug|Any CPU = Debug|Any CPU
		Release|Any CPU = Release|Any CPU
	EndGlobalSection
	GlobalSection(ProjectConfigurationPlatforms) = postSolution
		{D9B3AB9E-50D9-41F0-A31F-A4732AC82EF9}.Debug|Any CPU.ActiveCfg = Debug|Any CPU
		{D9B3AB9E-50D9-41F0-A31F-A4732AC82EF9}.Debug|Any CPU.Build.0 = Debug|Any CPU
		{D9B3AB9E-50D9-41F0-A31F-A4732AC82EF9}.Release|Any CPU.ActiveCfg = Release|Any CPU
		{D9B3AB9E-50D9-41F0-A31F-A4732AC82EF9}.Release|Any CPU.Build.0 = Release|Any CPU
	EndGlobalSection
	GlobalSection(SolutionProperties) = preSolution
		HideSolutionNode = FALSE
	EndGlobalSection
	GlobalSection(ExtensibilityGlobals) = postSolution
		SolutionGuid = {94CA3984-F60D-48DF-BC2D-12EF7B5B9005}
	EndGlobalSection
EndGlobal
