
Microsoft Visual Studio Solution File, Format Version 12.00
# Visual Studio Version 17
VisualStudioVersion = 17.8.34525.116
MinimumVisualStudioVersion = 10.0.40219.1
Project("{FAE04EC0-301F-11D3-BF4B-00C04F79EFBC}") = "Lab03", "Lab03\Lab03.csproj", "{D98B2370-527A-40F6-93D9-B51E01EE309E}"
EndProject
Global
	GlobalSection(SolutionConfigurationPlatforms) = preSolution
		Debug|Any CPU = Debug|Any CPU
		Release|Any CPU = Release|Any CPU
	EndGlobalSection
	GlobalSection(ProjectConfigurationPlatforms) = postSolution
		{D98B2370-527A-40F6-93D9-B51E01EE309E}.Debug|Any CPU.ActiveCfg = Debug|Any CPU
		{D98B2370-527A-40F6-93D9-B51E01EE309E}.Debug|Any CPU.Build.0 = Debug|Any CPU
		{D98B2370-527A-40F6-93D9-B51E01EE309E}.Release|Any CPU.ActiveCfg = Release|Any CPU
		{D98B2370-527A-40F6-93D9-B51E01EE309E}.Release|Any CPU.Build.0 = Release|Any CPU
	EndGlobalSection
	GlobalSection(SolutionProperties) = preSolution
		HideSolutionNode = FALSE
	EndGlobalSection
	GlobalSection(ExtensibilityGlobals) = postSolution
		SolutionGuid = {1AF8CB4A-A0F2-4302-8C68-073929C36B0C}
	EndGlobalSection
EndGlobal
